<?xml version="1.0" encoding="utf-8"?>
<Project ToolsVersion="4.0" xmlns="http://schemas.microsoft.com/developer/msbuild/2003">
  <ItemGroup>
    <Filter Include="Source Files">
      <UniqueIdentifier>{4FC737F1-C7A5-4376-A066-2A32D752A2FF}</UniqueIdentifier>
      <Extensions>cpp;c;cc;cxx;def;odl;idl;hpj;bat;asm;asmx</Extensions>
    </Filter>
    <Filter Include="Header Files">
      <UniqueIdentifier>{93995380-89BD-4b04-88EB-625FBE52EBFB}</UniqueIdentifier>
      <Extensions>h;hpp;hxx;hm;inl;inc;xsd</Extensions>
    </Filter>
    <Filter Include="Resource Files">
      <UniqueIdentifier>{67DA6AB6-F800-4c08-8B7A-83BB121AAD01}</UniqueIdentifier>
      <Extensions>rc;ico;cur;bmp;dlg;rc2;rct;bin;rgs;gif;jpg;jpeg;jpe;resx;tiff;tif;png;wav</Extensions>
    </Filter>
    <Filter Include="D2HD">
      <UniqueIdentifier>{0a67e69b-2f69-4fc0-bfa6-d0cf5f70a8d0}</UniqueIdentifier>
    </Filter>
  </ItemGroup>
  <ItemGroup>
    <ClInclude Include="..\D2Constants.h">
      <Filter>Header Files</Filter>
    </ClInclude>
    <ClInclude Include="..\D2Patch.h">
      <Filter>Header Files</Filter>
    </ClInclude>
    <ClInclude Include="..\D2Structs.h">
      <Filter>Header Files</Filter>
    </ClInclude>
    <ClInclude Include="..\D2Vars.h">
      <Filter>Header Files</Filter>
    </ClInclude>
    <ClInclude Include="..\DLLmain.h">
      <Filter>Header Files</Filter>
    </ClInclude>
    <ClInclude Include="..\TemplateIncludes.h">
      <Filter>Header Files</Filter>
    </ClInclude>
    <ClInclude Include="..\D2Ptrs.h">
      <Filter>Header Files</Filter>
    </ClInclude>
    <ClInclude Include="..\D2DataTables.h">
      <Filter>Header Files</Filter>
    </ClInclude>
    <ClInclude Include="..\D2PacketDef.h">
      <Filter>Header Files</Filter>
    </ClInclude>
    <ClInclude Include="..\D2PatchConst.h">
      <Filter>Header Files</Filter>
    </ClInclude>
    <ClInclude Include="D2HDPatches.h">
      <Filter>D2HD</Filter>
    </ClInclude>
    <ClInclude Include="D2HDStructs.h">
      <Filter>D2HD</Filter>
    </ClInclude>
    <ClInclude Include="D2HDConfig.h">
      <Filter>D2HD</Filter>
    </ClInclude>
    <ClInclude Include="D2HDDraw.h">
      <Filter>D2HD</Filter>
    </ClInclude>
    <ClInclude Include="..\D2Stubs.h">
      <Filter>Header Files</Filter>
    </ClInclude>
    <ClInclude Include="D2HDInventory.h">
      <Filter>D2HD</Filter>
    </ClInclude>
    <ClInclude Include="..\D2Version.h">
      <Filter>Header Files</Filter>
    </ClInclude>
    <ClInclude Include="..\Resource.h">
      <Filter>Header Files</Filter>
    </ClInclude>
  </ItemGroup>
  <ItemGroup>
    <ClCompile Include="..\DLLmain.cpp">
      <Filter>Source Files</Filter>
    </ClCompile>
    <ClCompile Include="D2HDPatches.cpp">
      <Filter>D2HD</Filter>
    </ClCompile>
    <ClCompile Include="D2HDStructs.cpp">
      <Filter>D2HD</Filter>
    </ClCompile>
    <ClCompile Include="D2HDConfig.cpp">
      <Filter>D2HD</Filter>
    </ClCompile>
    <ClCompile Include="D2HDDraw.cpp">
      <Filter>D2HD</Filter>
    </ClCompile>
    <ClCompile Include="..\D2Stubs.cpp">
      <Filter>Source Files</Filter>
    </ClCompile>
    <ClCompile Include="D2HDInventory.cpp">
      <Filter>D2HD</Filter>
    </ClCompile>
    <ClCompile Include="..\D2Version.cpp">
      <Filter>Source Files</Filter>
    </ClCompile>
  </ItemGroup>
  <ItemGroup>
    <ResourceCompile Include="..\D2HD.rc">
      <Filter>Resource Files</Filter>
    </ResourceCompile>
  </ItemGroup>
</Project>